
Microsoft Visual Studio Solution File, Format Version 12.00
# Visual Studio 15
VisualStudioVersion = 15.0.28307.902
MinimumVisualStudioVersion = 10.0.40219.1
Project("{FAE04EC0-301F-11D3-BF4B-00C04F79EFBC}") = "BE", "BE\BE.csproj", "{4FBF13EB-E0EB-4560-BBFA-E1EE8FC2588D}"
EndProject
Project("{FAE04EC0-301F-11D3-BF4B-00C04F79EFBC}") = "DAL", "DAL\DAL.csproj", "{0463C8A6-CA49-4BC1-8562-0BBCAF69F084}"
EndProject
Project("{FAE04EC0-301F-11D3-BF4B-00C04F79EFBC}") = "BL", "BL\BL.csproj", "{D8332AF3-69DB-457A-9111-066058D7D44F}"
EndProject
Project("{FAE04EC0-301F-11D3-BF4B-00C04F79EFBC}") = "PL", "PL\PL.csproj", "{61CE3659-5A57-464A-8063-31138F1D1099}"
EndProject
Project("{FAE04EC0-301F-11D3-BF4B-00C04F79EFBC}") = "DS", "DS\DS.csproj", "{A1E89958-2756-4073-9C22-F4BD758257DB}"
EndProject
Project("{FAE04EC0-301F-11D3-BF4B-00C04F79EFBC}") = "PLWPF", "PLWPF\PLWPF.csproj", "{A6E2C7F7-7CCB-4479-9F6E-EF9CE5A83ABE}"
EndProject
Global
	GlobalSection(SolutionConfigurationPlatforms) = preSolution
		Debug|Any CPU = Debug|Any CPU
		Release|Any CPU = Release|Any CPU
	EndGlobalSection
	GlobalSection(ProjectConfigurationPlatforms) = postSolution
		{4FBF13EB-E0EB-4560-BBFA-E1EE8FC2588D}.Debug|Any CPU.ActiveCfg = Debug|Any CPU
		{4FBF13EB-E0EB-4560-BBFA-E1EE8FC2588D}.Debug|Any CPU.Build.0 = Debug|Any CPU
		{4FBF13EB-E0EB-4560-BBFA-E1EE8FC2588D}.Release|Any CPU.ActiveCfg = Release|Any CPU
		{4FBF13EB-E0EB-4560-BBFA-E1EE8FC2588D}.Release|Any CPU.Build.0 = Release|Any CPU
		{0463C8A6-CA49-4BC1-8562-0BBCAF69F084}.Debug|Any CPU.ActiveCfg = Debug|Any CPU
		{0463C8A6-CA49-4BC1-8562-0BBCAF69F084}.Debug|Any CPU.Build.0 = Debug|Any CPU
		{0463C8A6-CA49-4BC1-8562-0BBCAF69F084}.Release|Any CPU.ActiveCfg = Release|Any CPU
		{0463C8A6-CA49-4BC1-8562-0BBCAF69F084}.Release|Any CPU.Build.0 = Release|Any CPU
		{D8332AF3-69DB-457A-9111-066058D7D44F}.Debug|Any CPU.ActiveCfg = Debug|Any CPU
		{D8332AF3-69DB-457A-9111-066058D7D44F}.Debug|Any CPU.Build.0 = Debug|Any CPU
		{D8332AF3-69DB-457A-9111-066058D7D44F}.Release|Any CPU.ActiveCfg = Release|Any CPU
		{D8332AF3-69DB-457A-9111-066058D7D44F}.Release|Any CPU.Build.0 = Release|Any CPU
		{61CE3659-5A57-464A-8063-31138F1D1099}.Debug|Any CPU.ActiveCfg = Debug|Any CPU
		{61CE3659-5A57-464A-8063-31138F1D1099}.Debug|Any CPU.Build.0 = Debug|Any CPU
		{61CE3659-5A57-464A-8063-31138F1D1099}.Release|Any CPU.ActiveCfg = Release|Any CPU
		{61CE3659-5A57-464A-8063-31138F1D1099}.Release|Any CPU.Build.0 = Release|Any CPU
		{A1E89958-2756-4073-9C22-F4BD758257DB}.Debug|Any CPU.ActiveCfg = Debug|Any CPU
		{A1E89958-2756-4073-9C22-F4BD758257DB}.Debug|Any CPU.Build.0 = Debug|Any CPU
		{A1E89958-2756-4073-9C22-F4BD758257DB}.Release|Any CPU.ActiveCfg = Release|Any CPU
		{A1E89958-2756-4073-9C22-F4BD758257DB}.Release|Any CPU.Build.0 = Release|Any CPU
		{A6E2C7F7-7CCB-4479-9F6E-EF9CE5A83ABE}.Debug|Any CPU.ActiveCfg = Debug|Any CPU
		{A6E2C7F7-7CCB-4479-9F6E-EF9CE5A83ABE}.Debug|Any CPU.Build.0 = Debug|Any CPU
		{A6E2C7F7-7CCB-4479-9F6E-EF9CE5A83ABE}.Release|Any CPU.ActiveCfg = Release|Any CPU
		{A6E2C7F7-7CCB-4479-9F6E-EF9CE5A83ABE}.Release|Any CPU.Build.0 = Release|Any CPU
	EndGlobalSection
	GlobalSection(SolutionProperties) = preSolution
		HideSolutionNode = FALSE
	EndGlobalSection
	GlobalSection(ExtensibilityGlobals) = postSolution
		SolutionGuid = {6DECFDBD-4DAA-4D11-8CC3-2F526A1EB23E}
	EndGlobalSection
EndGlobal
